# This file is autogenerated, do not edit; changes may be undone by the next 'dep ensure'.


[[projects]]
  branch = "master"
  digest = "1:99010387da8d15937ae7f6159c54fe4323a6c2c4690c4a7a6fc43c14bef9e324"
  name = "github.com/GeertJohan/go-sourcepath"
  packages = ["."]
  pruneopts = "UT"
  revision = "83e8b8723a9bf39481216e80575f4854c63ece4a"

[[projects]]
  digest = "1:55388fd080150b9a072912f97b1f5891eb0b50df43401f8b75fb4273d3fec9fc"
  name = "github.com/Masterminds/semver"
  packages = ["."]
  pruneopts = "UT"
  revision = "c7af12943936e8c39859482e61f0574c2fd7fc75"
  version = "v1.4.2"

[[projects]]
  digest = "1:6981402aef27693f4b2ec619117abd263fde29f8c1dfac46eef0f35038d37513"
  name = "github.com/Shopify/sarama"
  packages = ["."]
  pruneopts = "UT"
  revision = "ec843464b50d4c8b56403ec9d589cf41ea30e722"
  version = "v1.19.0"

[[projects]]
  digest = "1:e92f5581902c345eb4ceffdcd4a854fb8f73cf436d47d837d1ec98ef1fe0a214"
  name = "github.com/StackExchange/wmi"
  packages = ["."]
  pruneopts = "UT"
  revision = "5d049714c4a64225c3c79a7cf7d02f7fb5b96338"
  version = "1.0.0"

[[projects]]
  digest = "1:f033a81755b461d605dd88a4eaaf35542db9b425ee504ef44cef810ff2b0f9d2"
  name = "github.com/Unknwon/com"
  packages = ["."]
  pruneopts = "UT"
  revision = "28b053d5a2923b87ce8c5a08f3af779894a72758"
  version = "v1"

[[projects]]
  digest = "1:1bf6a5947f3b498afb17b49edf9bd0fff36f009ed58131e79ab71465845db283"
  name = "github.com/anthonynsimon/bild"
  packages = [
    "clone",
    "imgio",
    "math/f64",
    "parallel",
    "transform",
  ]
  pruneopts = "UT"
  revision = "35fd1904d43f809ded0959922164885e25577aa2"
  version = "v0.10.0"

[[projects]]
  digest = "1:e64acfe8cda1955db545ede8e863c54d69f1ac6cd058df4349be4040320840fd"
  name = "github.com/apache/thrift"
  packages = ["lib/go/thrift"]
  pruneopts = "UT"
  revision = "327ebb6c2b6df8bf075da02ef45a2a034e9b79ba"
  version = "0.11.0"

[[projects]]
  branch = "master"
  digest = "1:1237f2e0fe3256bbce813cc1bafddaf26b85bddbd2f8c08c30eb845140198aee"
  name = "github.com/armon/consul-api"
  packages = ["."]
  pruneopts = "UT"
  revision = "eb2c6b5be1b66bab83016e0b05f01b8d5496ffbd"

[[projects]]
  digest = "0:"
  name = "github.com/aws/aws-sdk-go"
  packages = [
    "aws",
    "aws/awserr",
    "aws/awsutil",
    "aws/client",
    "aws/client/metadata",
    "aws/corehandlers",
    "aws/credentials",
    "aws/credentials/ec2rolecreds",
    "aws/credentials/endpointcreds",
    "aws/credentials/stscreds",
    "aws/csm",
    "aws/defaults",
    "aws/ec2metadata",
    "aws/endpoints",
    "aws/request",
    "aws/session",
    "aws/signer/v4",
    "internal/ini",
    "internal/s3err",
    "internal/sdkio",
    "internal/sdkrand",
    "internal/sdkuri",
    "internal/shareddefaults",
    "private/protocol",
    "private/protocol/eventstream",
    "private/protocol/eventstream/eventstreamapi",
    "private/protocol/query",
    "private/protocol/query/queryutil",
    "private/protocol/rest",
    "private/protocol/restxml",
    "private/protocol/xml/xmlutil",
    "service/s3",
    "service/sts",
  ]
  pruneopts = "UT"
  revision = "57d992f58b7e092da10921050426717f7944bd42"
  version = "v1.15.80"

[[projects]]
  branch = "master"
  digest = "1:9c00ac4720d0bdcd35eaf4fed6a24a11220610714059db1f995dda3fb1bdbd8d"
  name = "github.com/bamiaux/rez"
  packages = ["."]
  pruneopts = "UT"
  revision = "29f4463c688b986c11f166b12734f69b58b5555f"

[[projects]]
  branch = "master"
  digest = "1:927f2f9632311e72cc76586aebff836c12c0132150afc2fe251f616e41522595"
  name = "github.com/benesch/cgosymbolizer"
  packages = ["."]
  pruneopts = "UT"
  revision = "70e1ee2b39d3b616a6ab9996820dde224c27f351"

[[projects]]
  branch = "master"
  digest = "1:37011b20a70e205b93ebea5287e1afa5618db54bf3998c36ff5a8e4b146a170a"
  name = "github.com/bgentry/go-netrc"
  packages = ["netrc"]
  pruneopts = "UT"
  revision = "9fd32a8b3d3d3f9d43c341bfe098430e07609480"

[[projects]]
  branch = "master"
  digest = "1:4c4c33075b704791d6a7f09dfb55c66769e8a1dc6adf87026292d274fe8ad113"
  name = "github.com/codahale/hdrhistogram"
  packages = ["."]
  pruneopts = "UT"
  revision = "3a0bb77429bd3a61596f5e8a3172445844342120"

[[projects]]
  digest = "0:"
  name = "github.com/coreos/etcd"
  packages = [
    "client",
    "pkg/pathutil",
    "pkg/srv",
    "pkg/types",
    "version",
  ]
  pruneopts = "UT"
  revision = "27fc7e2296f506182f58ce846e48f36b34fe6842"
  version = "v3.3.10"

[[projects]]
  digest = "1:0ef770954bca104ee99b3b6b7f9b240605ac03517d9f98cbc1893daa03f3c038"
  name = "github.com/coreos/go-semver"
  packages = ["semver"]
  pruneopts = "UT"
  revision = "8ab6407b697782a06568d4b7f1db25550ec2e4c6"
  version = "v0.2.0"

[[projects]]
  digest = "0:"
  name = "github.com/davecgh/go-spew"
  packages = ["spew"]
  pruneopts = "UT"
  revision = "8991bc29aa16c548c550c7ff78260e27b9ab7c73"
  version = "v1.1.1"

[[projects]]
  branch = "master"
  digest = "1:6f9339c912bbdda81302633ad7e99a28dfa5a639c864061f1929510a9a64aa74"
  name = "github.com/dustin/go-humanize"
  packages = ["."]
  pruneopts = "UT"
  revision = "9f541cc9db5d55bce703bd99987c9d5cb8eea45e"

[[projects]]
  digest = "1:1f0c7ab489b407a7f8f9ad16c25a504d28ab461517a971d341388a56156c1bd7"
  name = "github.com/eapache/go-resiliency"
  packages = ["breaker"]
  pruneopts = "UT"
  revision = "ea41b0fad31007accc7f806884dcdf3da98b79ce"
  version = "v1.1.0"

[[projects]]
  branch = "master"
  digest = "1:79f16588b5576b1b3cd90e48d2374cc9a1a8776862d28d8fd0f23b0e15534967"
  name = "github.com/eapache/go-xerial-snappy"
  packages = ["."]
  pruneopts = "UT"
  revision = "776d5712da21bc4762676d614db1d8a64f4238b0"

[[projects]]
  digest = "1:444b82bfe35c83bbcaf84e310fb81a1f9ece03edfed586483c869e2c046aef69"
  name = "github.com/eapache/queue"
  packages = ["."]
  pruneopts = "UT"
  revision = "44cc805cf13205b55f69e14bcb69867d1ae92f98"
  version = "v1.1.0"

[[projects]]
  branch = "master"
  digest = "1:9a023ac8c30a6871d3fc94c9c0b5a0639ede096c351fd6cdcd7268fe9cb95af2"
  name = "github.com/facebookgo/stack"
  packages = ["."]
  pruneopts = "UT"
  revision = "751773369052141c013c6e827a71e8f35c07879c"

[[projects]]
  digest = "1:865079840386857c809b72ce300be7580cb50d3d3129ce11bf9aa6ca2bc1934a"
  name = "github.com/fatih/color"
  packages = ["."]
  pruneopts = "UT"
  revision = "5b77d2a35fb0ede96d138fc9a99f5c9b6aef11b4"
  version = "v1.7.0"

[[projects]]
  digest = "0:"
  name = "github.com/fatih/structs"
  packages = ["."]
  pruneopts = "UT"
  revision = "4966fc68f5b7593aafa6cbbba2d65ec6e1416047"
  version = "v1.1.0"

[[projects]]
  digest = "1:abeb38ade3f32a92943e5be54f55ed6d6e3b6602761d74b4aab4c9dd45c18abd"
  name = "github.com/fsnotify/fsnotify"
  packages = ["."]
  pruneopts = "UT"
  revision = "c2828203cd70a50dcccfb2761f8b1f8ceef9a8e9"
  version = "v1.4.7"

[[projects]]
  digest = "1:31a18dae27a29aa074515e43a443abfd2ba6deb6d69309d8d7ce789c45f34659"
  name = "github.com/go-logfmt/logfmt"
  packages = ["."]
  pruneopts = "UT"
  revision = "390ab7935ee28ec6b286364bba9b4dd6410cb3d5"
  version = "v0.3.0"

[[projects]]
  digest = "1:64a5a67c69b70c2420e607a8545d674a23778ed9c3e80607bfd17b77c6c87f6a"
  name = "github.com/go-ole/go-ole"
  packages = [
    ".",
    "oleutil",
  ]
  pruneopts = "UT"
  revision = "a41e3c4b706f6ae8dfbff342b06e40fa4d2d0506"
  version = "v1.2.1"

[[projects]]
  digest = "1:db238461f652ddb7c7057bc6fc503f6003a29987b1485ecbb96d92287db65bc9"
  name = "github.com/gogo/protobuf"
  packages = [
    "gogoproto",
    "proto",
    "protoc-gen-gogo/descriptor",
    "sortkeys",
  ]
  pruneopts = "UT"
  revision = "636bf0302bc95575d69441b25a2603156ffdddf1"
  version = "v1.1.1"

[[projects]]
  branch = "master"
  digest = "0:"
  name = "github.com/golang/protobuf"
  packages = [
    "jsonpb",
    "proto",
    "protoc-gen-go/descriptor",
    "ptypes",
    "ptypes/any",
    "ptypes/duration",
    "ptypes/struct",
    "ptypes/timestamp",
  ]
  pruneopts = "UT"
  revision = "882cf97a83ad205fd22af574246a3bc647d7a7d2"

[[projects]]
  branch = "master"
  digest = "1:4a0c6bb4805508a6287675fac876be2ac1182539ca8a32468d8128882e9d5009"
  name = "github.com/golang/snappy"
  packages = ["."]
  pruneopts = "UT"
  revision = "2e65f85255dbc3072edf28d6b5b8efc472979f5a"

[[projects]]
  digest = "1:6a06217fc753e65aea71446b777393009ef6797dadc0086c4f75bd16590be04d"
  name = "github.com/grpc-ecosystem/grpc-gateway"
  packages = [
    "runtime",
    "runtime/internal",
    "utilities",
  ]
  pruneopts = "UT"
  revision = "92583770e3f01b09a0d3e9bdf64321d8bebd48f2"
  version = "v1.4.1"

[[projects]]
  digest = "1:f47d6109c2034cb16bd62b220e18afd5aa9d5a1630fe5d937ad96a4fb7cbb277"
  name = "github.com/hashicorp/go-cleanhttp"
  packages = ["."]
  pruneopts = "UT"
  revision = "e8ab9daed8d1ddd2d3c4efba338fe2eeae2e4f18"
  version = "v0.5.0"

[[projects]]
  branch = "master"
  digest = "0:"
  name = "github.com/hashicorp/go-getter"
  packages = [
    ".",
    "helper/url",
  ]
  pruneopts = "UT"
  revision = "bd1edc22f8ea9d71b87fbdc0c07f0afb77ae39b6"

[[projects]]
  digest = "1:605c47454db9040e30b20dc1b29e3e9d42d6ee742545729cdef74afb1b898ad0"
  name = "github.com/hashicorp/go-safetemp"
  packages = ["."]
  pruneopts = "UT"
  revision = "c9a55de4fe06c920a71964b53cfe3dd293a3c743"
  version = "v1.0.0"

[[projects]]
  digest = "1:77395dd3847dac9c45118c668f5dab85aedf0163dc3b38aea6578c5cf0d502f9"
  name = "github.com/hashicorp/go-version"
  packages = ["."]
  pruneopts = "UT"
  revision = "b5a281d3160aa11950a6182bd9a9dc2cb1e02d50"
  version = "v1.0.0"

[[projects]]
  digest = "0:"
  name = "github.com/hashicorp/hcl"
  packages = [
    ".",
    "hcl/ast",
    "hcl/parser",
    "hcl/printer",
    "hcl/scanner",
    "hcl/strconv",
    "hcl/token",
    "json/parser",
    "json/scanner",
    "json/token",
  ]
  pruneopts = "UT"
  revision = "8cb6e5b959231cc1119e43259c4a608f9c51a241"
  version = "v1.0.0"

[[projects]]
  branch = "master"
  digest = "1:e345ab0697f8f63d0ff3cc4c4c90fa470fa79c8d3c0b461a1d16df2f5b0c1fd1"
  name = "github.com/ianlancetaylor/cgosymbolizer"
  packages = ["."]
  pruneopts = "UT"
  revision = "f5072df9c550dc687157e5d7efb50825cdf8f0eb"

[[projects]]
  branch = "master"
  digest = "1:3e658fb4b055816998a967aab8abe0966ce1cfcbb42c2f66a22c7c19568aa1d2"
  name = "github.com/ianlancetaylor/demangle"
  packages = ["."]
  pruneopts = "UT"
  revision = "5e5cf60278f657d30daa329dd0e7e893b6b8f027"

[[projects]]
  branch = "master"
  digest = "0:"
  name = "github.com/intel-go/cpuid"
  packages = ["."]
  pruneopts = "UT"
  revision = "1a4a6f06a1c643c8fbd339bd61d980960627d09e"

[[projects]]
  digest = "1:e22af8c7518e1eab6f2eab2b7d7558927f816262586cd6ed9f349c97a6c285c4"
  name = "github.com/jmespath/go-jmespath"
  packages = ["."]
  pruneopts = "UT"
  revision = "0b12d6b5"

[[projects]]
  digest = "1:16dd6b893b78a50564cdde1d9f7ea67224dece11bb0886bd882f1dc3dc1d440d"
  name = "github.com/k0kubun/pp"
  packages = ["."]
  pruneopts = "UT"
  revision = "027a6d1765d673d337e687394dbe780dd64e2a1e"
  version = "v2.3.0"

[[projects]]
  digest = "0:"
  name = "github.com/konsorten/go-windows-terminal-sequences"
  packages = ["."]
  pruneopts = "UT"
  revision = "5c8c8bd35d3832f5d134ae1e1e375b69a4d25242"
  version = "v1.0.1"

[[projects]]
  branch = "master"
  digest = "1:a64e323dc06b73892e5bb5d040ced475c4645d456038333883f58934abbf6f72"
  name = "github.com/kr/logfmt"
  packages = ["."]
  pruneopts = "UT"
  revision = "b84e30acd515aadc4b783ad4ff83aff3299bdfe0"

[[projects]]
  digest = "1:c568d7727aa262c32bdf8a3f7db83614f7af0ed661474b24588de635c20024c7"
  name = "github.com/magiconair/properties"
  packages = ["."]
  pruneopts = "UT"
  revision = "c2353362d570a7bfa228149c62842019201cfb71"
  version = "v1.8.0"

[[projects]]
  branch = "master"
  digest = "0:"
  name = "github.com/mailru/easyjson"
  packages = [
    ".",
    "buffer",
    "jlexer",
    "jwriter",
  ]
  pruneopts = "UT"
  revision = "60711f1a8329503b04e1c88535f419d0bb440bff"

[[projects]]
  digest = "1:c658e84ad3916da105a761660dcaeb01e63416c8ec7bc62256a9b411a05fcd67"
  name = "github.com/mattn/go-colorable"
  packages = ["."]
  pruneopts = "UT"
  revision = "167de6bfdfba052fa6b2d3664c8f5272e23c9072"
  version = "v0.0.9"

[[projects]]
  digest = "0:"
  name = "github.com/mattn/go-isatty"
  packages = ["."]
  pruneopts = "UT"
  revision = "6ca4dbf54d38eea1a992b3c722a76a5d1c4cb25c"
  version = "v0.0.4"

[[projects]]
  branch = "master"
  digest = "0:"
  name = "github.com/mitchellh/go-homedir"
  packages = ["."]
  pruneopts = "UT"
  revision = "ae18d6b8b3205b561c79e8e5f69bff09736185f4"

[[projects]]
  digest = "1:42eb1f52b84a06820cedc9baec2e710bfbda3ee6dac6cdb97f8b9a5066134ec6"
  name = "github.com/mitchellh/go-testing-interface"
  packages = ["."]
  pruneopts = "UT"
  revision = "6d0b8010fcc857872e42fc6c931227569016843c"
  version = "v1.0.0"

[[projects]]
  digest = "0:"
  name = "github.com/mitchellh/mapstructure"
  packages = ["."]
  pruneopts = "UT"
  revision = "3536a929edddb9a5b34bd6861dc4a9647cb459fe"
  version = "v1.1.2"

[[projects]]
  branch = "master"
  digest = "1:b9e729f134ba1fbe1b2f18e948d035e0567d6282ccebe9a3623a0240bb47c089"
  name = "github.com/nicolai86/instruments"
  packages = ["."]
  pruneopts = "UT"
  revision = "a667d8f6e278892ccc3bc78f7fc6a6364fd68124"

[[projects]]
  branch = "master"
  digest = "1:2da0e5077ed40453dc281b9a2428d84cf6ad14063aed189f6296ca5dd25cf13d"
  name = "github.com/opentracing-contrib/go-observer"
  packages = ["."]
  pruneopts = "UT"
  revision = "a52f2342449246d5bcc273e65cbdcfa5f7d6c63c"

[[projects]]
  branch = "master"
  digest = "1:af5789c490de873c1edfc2327c00560c8caf4d191ba16b84b9faa6d73e854bbe"
  name = "github.com/opentracing-contrib/perfevents"
  packages = ["go"]
  pruneopts = "UT"
  revision = "a7a7e747782c021caa5c44ef98157f761bf56970"

[[projects]]
  digest = "1:450b7623b185031f3a456801155c8320209f75d0d4c4e633c6b1e59d44d6e392"
  name = "github.com/opentracing/opentracing-go"
  packages = [
    ".",
    "ext",
    "log",
  ]
  pruneopts = "UT"
  revision = "1949ddbfd147afd4d964a9f00b24eb291e0e7c38"
  version = "v1.0.2"

[[projects]]
  digest = "1:a427dd5035907bf7ad9a1fa269805f3a9ead9cfab056b32e2d86c230e28e31c0"
  name = "github.com/openzipkin/zipkin-go-opentracing"
  packages = [
    ".",
    "flag",
    "thrift/gen-go/scribe",
    "thrift/gen-go/zipkincore",
    "types",
    "wire",
  ]
  pruneopts = "UT"
  revision = "26cf9707480e6b90e5eff22cf0bbf05319154232"
  version = "v0.3.4"

[[projects]]
  digest = "1:808cdddf087fb64baeae67b8dfaee2069034d9704923a3cb8bd96a995421a625"
  name = "github.com/patrickmn/go-cache"
  packages = ["."]
  pruneopts = "UT"
  revision = "a3647f8e31d79543b2d0f0ae2fe5c379d72cedc0"
  version = "v2.1.0"

[[projects]]
  digest = "1:95741de3af260a92cc5c7f3f3061e85273f5a81b5db20d4bd68da74bd521675e"
  name = "github.com/pelletier/go-toml"
  packages = ["."]
  pruneopts = "UT"
  revision = "c01d1270ff3e442a8a57cddc1c92dc1138598194"
  version = "v1.2.0"

[[projects]]
  digest = "1:e39a5ee8fcbec487f8fc68863ef95f2b025e0739b0e4aa55558a2b4cf8f0ecf0"
  name = "github.com/pierrec/lz4"
  packages = [
    ".",
    "internal/xxh32",
  ]
  pruneopts = "UT"
  revision = "635575b42742856941dbc767b44905bb9ba083f6"
  version = "v2.0.7"

[[projects]]
  digest = "1:40e195917a951a8bf867cd05de2a46aaf1806c50cf92eebf4c16f78cd196f747"
  name = "github.com/pkg/errors"
  packages = ["."]
  pruneopts = "UT"
  revision = "645ef00459ed84a119197bfb8d8205042c6df63d"
  version = "v0.8.0"

[[projects]]
  digest = "1:0028cb19b2e4c3112225cd871870f2d9cf49b9b4276531f03438a88e94be86fe"
  name = "github.com/pmezard/go-difflib"
  packages = ["difflib"]
  pruneopts = "UT"
  revision = "792786c7400a136282c1664665ae0a8db921c6c2"
  version = "v1.0.0"

[[projects]]
  branch = "master"
  digest = "0:"
  name = "github.com/rai-project/config"
  packages = ["."]
  pruneopts = "UT"
  revision = "4d0de45fe6c1a55b23670fb8d402451709cf21ba"

[[projects]]
  branch = "master"
  digest = "0:"
  name = "github.com/rai-project/cpu"
  packages = ["cpuid"]
  pruneopts = "UT"
  revision = "5bc145cba8e061843bd1e71b6c4450d59578554c"

[[projects]]
  branch = "master"
  digest = "0:"
  name = "github.com/rai-project/dlframework"
  packages = [
    ".",
    "framework/feature",
    "framework/options",
  ]
  pruneopts = "UT"
  revision = "c3e36d46e02760804a69fb48e96989d813d477fa"

[[projects]]
  branch = "master"
  digest = "1:1aed378f32b867757f90591a8c3aec0dc294978ce06db965f4c71841a8a6fe1e"
  name = "github.com/rai-project/downloadmanager"
  packages = ["."]
  pruneopts = "UT"
  revision = "abede5faa82fac78258b905c466590fd71113935"

[[projects]]
  branch = "master"
  digest = "0:"
  name = "github.com/rai-project/go-cupti"
  packages = [
    ".",
    "types",
  ]
  pruneopts = "UT"
  revision = "ffa685874f19a86b0e6cbf9c8e1085d26987e999"

[[projects]]
  branch = "master"
  digest = "0:"
  name = "github.com/rai-project/go-libjpeg"
  packages = ["."]
  pruneopts = "UT"
  revision = "40fd7b1bcbeb6ac72279d3db52b3e0b6e38ea9df"

[[projects]]
  branch = "master"
  digest = "0:"
  name = "github.com/rai-project/godotenv"
  packages = ["."]
  pruneopts = "UT"
  revision = "72ca456a35f42d911b5a3f25ef9ea42636a22b3b"

[[projects]]
  branch = "master"
  digest = "0:"
  name = "github.com/rai-project/image"
  packages = [
    ".",
    "asm",
    "types",
  ]
  pruneopts = "UT"
  revision = "2a6c79dddde871ec316483ace896a3cc0d18510b"

[[projects]]
  branch = "master"
  digest = "0:"
  name = "github.com/rai-project/logger"
  packages = ["."]
  pruneopts = "UT"
  revision = "3edfaed4af1c2be49ae65399a82fab15780e6549"

[[projects]]
  branch = "master"
  digest = "1:0387ad021c9bf128d1b84a202ff675ec8cbd7b6f957125bf31937adb309bd2ba"
  name = "github.com/rai-project/machine"
  packages = ["os"]
  pruneopts = "UT"
  revision = "e20c9a49017c471cbd3cbcb38d88347c794bc83d"

[[projects]]
  branch = "master"
  digest = "0:"
  name = "github.com/rai-project/nvidia-smi"
  packages = ["."]
  pruneopts = "UT"
  revision = "5f6bbd4268777e33ec51313e4b6c0b89de084cbf"

[[projects]]
  branch = "master"
  digest = "0:"
  name = "github.com/rai-project/nvml-go"
  packages = ["."]
  pruneopts = "UT"
  revision = "4e1189bcc320475bfec1306c719b78939c31a00d"

[[projects]]
  branch = "master"
  digest = "0:"
  name = "github.com/rai-project/tegra"
  packages = ["."]
  pruneopts = "UT"
  revision = "1d9901ca382bfae82f47b1ddb5fb67a019d254e8"

[[projects]]
  branch = "master"
  digest = "0:"
  name = "github.com/rai-project/tracer"
  packages = [
    ".",
    "all",
    "ctimer",
    "defaults",
    "jaeger",
    "noop",
    "observer",
    "utils",
    "zipkin",
  ]
  pruneopts = "UT"
  revision = "6f38f1967f94005b820ed9bd51e2c6ee9a9fba57"

[[projects]]
  branch = "master"
  digest = "0:"
  name = "github.com/rai-project/utils"
  packages = ["."]
  pruneopts = "UT"
  revision = "be23e9dad62b9c5de665f502450144abd61d31a6"

[[projects]]
  branch = "master"
  digest = "1:e2a04242aae3d6797e66319593ab408af4eef437c31fa57f0916b50f6860e4d7"
  name = "github.com/rai-project/uuid"
  packages = ["."]
  pruneopts = "UT"
  revision = "2a4c8b922cc6a17bd16f236d4bb06134972289f2"

[[projects]]
  branch = "master"
  digest = "0:"
  name = "github.com/rai-project/vipertags"
  packages = ["."]
  pruneopts = "UT"
  revision = "8cbaab517f5d43e2d0bb7f1b237a0dfdc551cc81"

[[projects]]
  branch = "master"
  digest = "1:abab2c85a12689a4218964335aa990ff33b4f3c7ba48e3283861c4714d2e93b1"
  name = "github.com/rainycape/dl"
  packages = ["."]
  pruneopts = "UT"
  revision = "1b01514224a1a60a6bcbb0b6b9d3a00ec14ae17f"

[[projects]]
  branch = "master"
  digest = "1:d38f81081a389f1466ec98192cf9115a82158854d6f01e1c23e2e7554b97db71"
  name = "github.com/rcrowley/go-metrics"
  packages = ["."]
  pruneopts = "UT"
  revision = "3113b8401b8a98917cde58f8bbd42a1b1c03b1fd"

[[projects]]
  digest = "0:"
  name = "github.com/shirou/gopsutil"
  packages = [
    "internal/common",
    "mem",
  ]
  pruneopts = "UT"
  revision = "3ec50d2876a36047b2ca39f955ba88fb7a455e92"
  version = "v2.18.10"

[[projects]]
  digest = "0:"
  name = "github.com/sirupsen/logrus"
  packages = ["."]
  pruneopts = "UT"
  revision = "bcd833dfe83d3cebad139e4a29ed79cb2318bf95"
  version = "v1.2.0"

[[projects]]
  digest = "0:"
  name = "github.com/spf13/afero"
  packages = [
    ".",
    "mem",
  ]
  pruneopts = "UT"
  revision = "d40851caa0d747393da1ffb28f7f9d8b4eeffebd"
  version = "v1.1.2"

[[projects]]
  digest = "0:"
  name = "github.com/spf13/cast"
  packages = ["."]
  pruneopts = "UT"
  revision = "8c9545af88b134710ab1cd196795e7f2388358d7"
  version = "v1.3.0"

[[projects]]
  digest = "0:"
  name = "github.com/spf13/jwalterweatherman"
  packages = ["."]
  pruneopts = "UT"
  revision = "4a4406e478ca629068e7768fc33f3f044173c0a6"
  version = "v1.0.0"

[[projects]]
  digest = "0:"
  name = "github.com/spf13/pflag"
  packages = ["."]
  pruneopts = "UT"
  revision = "298182f68c66c05229eb03ac171abe6e309ee79a"
  version = "v1.0.3"

[[projects]]
  branch = "master"
  digest = "0:"
  name = "github.com/spf13/viper"
  packages = [
    ".",
    "remote",
  ]
  pruneopts = "UT"
  revision = "06c7c0d9b3c7cfca13deff6e353a052e08828ad4"

[[projects]]
  digest = "1:18752d0b95816a1b777505a97f71c7467a8445b8ffb55631a7bf779f6ba4fa83"
  name = "github.com/stretchr/testify"
  packages = ["assert"]
  pruneopts = "UT"
  revision = "f35b8ab0b5a2cef36673838d662e249dd9c94686"
  version = "v1.2.2"

[[projects]]
  digest = "1:6849ab573a052cb69884a13775d4c2032e187cc27392784b6b88a6b7f20d9801"
  name = "github.com/uber/jaeger-client-go"
  packages = [
    ".",
    "internal/baggage",
    "internal/spanlog",
    "internal/throttler",
    "log",
    "thrift",
    "thrift-gen/agent",
    "thrift-gen/jaeger",
    "thrift-gen/sampling",
    "thrift-gen/zipkincore",
    "transport/zipkin",
    "utils",
    "zipkin",
  ]
  pruneopts = "UT"
  revision = "1a782e2da844727691fef1757c72eb190c2909f0"
  version = "v2.15.0"

[[projects]]
  digest = "1:0f09db8429e19d57c8346ad76fbbc679341fa86073d3b8fb5ac919f0357d8f4c"
  name = "github.com/uber/jaeger-lib"
  packages = ["metrics"]
  pruneopts = "UT"
  revision = "ed3a127ec5fef7ae9ea95b01b542c47fbd999ce5"
  version = "v1.5.0"

[[projects]]
  digest = "1:03aa6e485e528acb119fb32901cf99582c380225fc7d5a02758e08b180cb56c3"
  name = "github.com/ugorji/go"
  packages = ["codec"]
  pruneopts = "UT"
  revision = "b4c50a2b199d93b13dc15e78929cfb23bfdf21ab"
  version = "v1.1.1"

[[projects]]
  digest = "1:db345c377984d0907323c09a9b17f11d995a59649fd38f909727df358b5f9020"
  name = "github.com/ulikunitz/xz"
  packages = [
    ".",
    "internal/hash",
    "internal/xlog",
    "lzma",
  ]
  pruneopts = "UT"
  revision = "590df8077fbcb06ad62d7714da06c00e5dd2316d"
  version = "v0.5.5"

[[projects]]
  branch = "master"
  digest = "1:b2faf2256a00b05784390fbd8ea4b22519ea62daf751fef4ab4ce583c66abf1b"
  name = "github.com/xordataexchange/crypt"
  packages = [
    "backend",
    "backend/consul",
    "backend/etcd",
    "config",
    "encoding/secconf",
  ]
  pruneopts = "UT"
  revision = "b2862e3d0a775f18c7cfe02273500ae307b61218"

[[projects]]
  branch = "master"
  digest = "0:"
  name = "golang.org/x/crypto"
  packages = [
    "cast5",
    "openpgp",
    "openpgp/armor",
    "openpgp/elgamal",
    "openpgp/errors",
    "openpgp/packet",
    "openpgp/s2k",
    "ssh/terminal",
  ]
  pruneopts = "UT"
  revision = "3d3f9f413869b949e48070b5bc593aa22cc2b8f2"

[[projects]]
  branch = "master"
  digest = "0:"
  name = "golang.org/x/image"
  packages = ["bmp"]
  pruneopts = "UT"
  revision = "cd38e8056d9b27bb2f265effa37fb0ea6b8a7f0f"

[[projects]]
  branch = "master"
  digest = "0:"
  name = "golang.org/x/net"
  packages = [
    "context",
    "http/httpguts",
    "http2",
    "http2/hpack",
    "idna",
    "internal/timeseries",
    "trace",
  ]
  pruneopts = "UT"
  revision = "adae6a3d119ae4890b46832a2e88a95adc62b8e7"

[[projects]]
  branch = "master"
  digest = "0:"
  name = "golang.org/x/sync"
  packages = ["syncmap"]
  pruneopts = "UT"
  revision = "42b317875d0fa942474b76e1b46a6060d720ae6e"

[[projects]]
  branch = "master"
  digest = "0:"
  name = "golang.org/x/sys"
  packages = [
    "unix",
    "windows",
  ]
  pruneopts = "UT"
  revision = "0cf1ed9e522b7dbb416f080a5c8003de9b702bf4"

[[projects]]
  digest = "1:a2ab62866c75542dd18d2b069fec854577a20211d7c0ea6ae746072a1dccdd18"
  name = "golang.org/x/text"
  packages = [
    "collate",
    "collate/build",
    "internal/colltab",
    "internal/gen",
    "internal/tag",
    "internal/triegen",
    "internal/ucd",
    "language",
    "secure/bidirule",
    "transform",
    "unicode/bidi",
    "unicode/cldr",
    "unicode/norm",
    "unicode/rangetable",
  ]
  pruneopts = "UT"
  revision = "f21a4dfb5e38f5895301dc265a8def02365cc3d0"
  version = "v0.3.0"

[[projects]]
  branch = "master"
  digest = "0:"
  name = "google.golang.org/genproto"
  packages = [
    "googleapis/api/annotations",
    "googleapis/rpc/status",
  ]
  pruneopts = "UT"
  revision = "b5d43981345bdb2c233eb4bf3277847b48c6fdc6"

[[projects]]
  digest = "0:"
  name = "google.golang.org/grpc"
  packages = [
    ".",
    "balancer",
    "balancer/base",
    "balancer/roundrobin",
    "codes",
    "connectivity",
    "credentials",
    "encoding",
    "encoding/proto",
    "grpclog",
    "internal",
    "internal/backoff",
    "internal/channelz",
    "internal/envconfig",
    "internal/grpcrand",
    "internal/transport",
    "keepalive",
    "metadata",
    "naming",
    "peer",
    "resolver",
    "resolver/dns",
    "resolver/passthrough",
    "stats",
    "status",
    "tap",
  ]
  pruneopts = "UT"
  revision = "2e463a05d100327ca47ac218281906921038fd95"
  version = "v1.16.0"

[[projects]]
  branch = "v2"
  digest = "1:2642fd0b6900c77247d61d80cf2eb59a374ef4ffc2d25a1b95b87dc355b2894e"
  name = "gopkg.in/mgo.v2"
  packages = [
    "bson",
    "internal/json",
  ]
  pruneopts = "UT"
  revision = "9856a29383ce1c59f308dd1cf0363a79b5bef6b5"

[[projects]]
  digest = "1:342378ac4dcb378a5448dd723f0784ae519383532f5e70ade24132c4c8693202"
  name = "gopkg.in/yaml.v2"
  packages = ["."]
  pruneopts = "UT"
  revision = "5420a8b6744d3b0345ab293f6fcba19c978f1183"
  version = "v2.2.1"

[solve-meta]
  analyzer-name = "dep"
  analyzer-version = 1
  input-imports = [
    "github.com/GeertJohan/go-sourcepath",
    "github.com/Unknwon/com",
    "github.com/anthonynsimon/bild/imgio",
    "github.com/anthonynsimon/bild/transform",
    "github.com/benesch/cgosymbolizer",
    "github.com/k0kubun/pp",
    "github.com/pkg/errors",
    "github.com/rai-project/config",
    "github.com/rai-project/dlframework",
    "github.com/rai-project/dlframework/framework/feature",
    "github.com/rai-project/dlframework/framework/options",
    "github.com/rai-project/downloadmanager",
    "github.com/rai-project/go-cupti",
    "github.com/rai-project/image",
    "github.com/rai-project/image/types",
    "github.com/rai-project/logger",
    "github.com/rai-project/nvidia-smi",
    "github.com/rai-project/tracer",
    "github.com/rai-project/tracer/all",
    "github.com/rai-project/tracer/ctimer",
    "github.com/rai-project/tracer/jaeger",
    "github.com/sirupsen/logrus",
    "github.com/stretchr/testify/assert",
  ]
  solver-name = "gps-cdcl"
  solver-version = 1
